
Microsoft Visual Studio Solution File, Format Version 12.00
# Visual Studio Version 17
VisualStudioVersion = 17.0.32014.148
MinimumVisualStudioVersion = 10.0.40219.1
Project("{FAE04EC0-301F-11D3-BF4B-00C04F79EFBC}") = "Outsourcing.Core", "Outsourcing.Core\Outsourcing.Core.csproj", "{CD5D0955-E501-4709-9D91-002FD8F52A2D}"
EndProject
Project("{FAE04EC0-301F-11D3-BF4B-00C04F79EFBC}") = "Outsourcing.Data", "Outsourcing.Data\Outsourcing.Data.csproj", "{6BDB3E77-B09C-4514-ADD2-19B03B1AC35B}"
EndProject
Project("{FAE04EC0-301F-11D3-BF4B-00C04F79EFBC}") = "Outsourcing.Service", "Outsourcing.Service\Outsourcing.Service.csproj", "{9C27520D-D8B8-486A-A353-EBD5A81E4DF2}"
EndProject
Project("{FAE04EC0-301F-11D3-BF4B-00C04F79EFBC}") = "Labixa", "Labixa\Labixa.csproj", "{9EA210CC-E963-4E76-A8E7-52CE06F3BBE4}"
EndProject
Project("{FAE04EC0-301F-11D3-BF4B-00C04F79EFBC}") = "Resources", "Resources\Resources.csproj", "{F1C27911-CE4D-429E-9483-14E73AC120C8}"
EndProject
Project("{9A19103F-16F7-4668-BE54-9A1E7A4F7556}") = "XProject.WebApi", "..\CallAPI\Web\XProject.WebApi\XProject.WebApi.csproj", "{837E9F50-3BA7-4CD3-B8B8-8CC0034676EC}"
EndProject
Global
	GlobalSection(SolutionConfigurationPlatforms) = preSolution
		Debug|Any CPU = Debug|Any CPU
		Release|Any CPU = Release|Any CPU
	EndGlobalSection
	GlobalSection(ProjectConfigurationPlatforms) = postSolution
		{CD5D0955-E501-4709-9D91-002FD8F52A2D}.Debug|Any CPU.ActiveCfg = Debug|Any CPU
		{CD5D0955-E501-4709-9D91-002FD8F52A2D}.Debug|Any CPU.Build.0 = Debug|Any CPU
		{CD5D0955-E501-4709-9D91-002FD8F52A2D}.Release|Any CPU.ActiveCfg = Release|Any CPU
		{CD5D0955-E501-4709-9D91-002FD8F52A2D}.Release|Any CPU.Build.0 = Release|Any CPU
		{6BDB3E77-B09C-4514-ADD2-19B03B1AC35B}.Debug|Any CPU.ActiveCfg = Debug|Any CPU
		{6BDB3E77-B09C-4514-ADD2-19B03B1AC35B}.Debug|Any CPU.Build.0 = Debug|Any CPU
		{6BDB3E77-B09C-4514-ADD2-19B03B1AC35B}.Release|Any CPU.ActiveCfg = Release|Any CPU
		{6BDB3E77-B09C-4514-ADD2-19B03B1AC35B}.Release|Any CPU.Build.0 = Release|Any CPU
		{9C27520D-D8B8-486A-A353-EBD5A81E4DF2}.Debug|Any CPU.ActiveCfg = Debug|Any CPU
		{9C27520D-D8B8-486A-A353-EBD5A81E4DF2}.Debug|Any CPU.Build.0 = Debug|Any CPU
		{9C27520D-D8B8-486A-A353-EBD5A81E4DF2}.Release|Any CPU.ActiveCfg = Release|Any CPU
		{9C27520D-D8B8-486A-A353-EBD5A81E4DF2}.Release|Any CPU.Build.0 = Release|Any CPU
		{9EA210CC-E963-4E76-A8E7-52CE06F3BBE4}.Debug|Any CPU.ActiveCfg = Debug|Any CPU
		{9EA210CC-E963-4E76-A8E7-52CE06F3BBE4}.Debug|Any CPU.Build.0 = Debug|Any CPU
		{9EA210CC-E963-4E76-A8E7-52CE06F3BBE4}.Release|Any CPU.ActiveCfg = Release|Any CPU
		{9EA210CC-E963-4E76-A8E7-52CE06F3BBE4}.Release|Any CPU.Build.0 = Release|Any CPU
		{F1C27911-CE4D-429E-9483-14E73AC120C8}.Debug|Any CPU.ActiveCfg = Debug|Any CPU
		{F1C27911-CE4D-429E-9483-14E73AC120C8}.Debug|Any CPU.Build.0 = Debug|Any CPU
		{F1C27911-CE4D-429E-9483-14E73AC120C8}.Release|Any CPU.ActiveCfg = Release|Any CPU
		{F1C27911-CE4D-429E-9483-14E73AC120C8}.Release|Any CPU.Build.0 = Release|Any CPU
		{837E9F50-3BA7-4CD3-B8B8-8CC0034676EC}.Debug|Any CPU.ActiveCfg = Debug|Any CPU
		{837E9F50-3BA7-4CD3-B8B8-8CC0034676EC}.Debug|Any CPU.Build.0 = Debug|Any CPU
		{837E9F50-3BA7-4CD3-B8B8-8CC0034676EC}.Release|Any CPU.ActiveCfg = Release|Any CPU
		{837E9F50-3BA7-4CD3-B8B8-8CC0034676EC}.Release|Any CPU.Build.0 = Release|Any CPU
	EndGlobalSection
	GlobalSection(SolutionProperties) = preSolution
		HideSolutionNode = FALSE
	EndGlobalSection
	GlobalSection(ExtensibilityGlobals) = postSolution
		SolutionGuid = {B278345B-5285-4920-92ED-E68FEA143E06}
	EndGlobalSection
EndGlobal
